{
  "nodes": {
    "home-manager": {
      "inputs": {
        "nixpkgs": "nixpkgs"
      },
      "locked": {
        "lastModified": 1696371324,
        "narHash": "sha256-0ycIheYRxzPOL9XBWiAm/af9cqRmsiy701OpjsRsKiw=",
        "owner": "nix-community",
        "repo": "home-manager",
        "rev": "e63c30fe9792b57dea1eab98be6871a0e42a33c9",
        "type": "github"
      },
      "original": {
        "owner": "nix-community",
        "repo": "home-manager",
        "type": "github"
      }
    },
    "nixpkgs": {
      "locked": {
        "lastModified": 1695830400,
        "narHash": "sha256-gToZXQVr0G/1WriO83olnqrLSHF2Jb8BPcmCt497ro0=",
        "owner": "NixOS",
        "repo": "nixpkgs",
        "rev": "8a86b98f0ba1c405358f1b71ff8b5e1d317f5db2",
        "type": "github"
      },
      "original": {
        "owner": "NixOS",
        "ref": "nixos-unstable",
        "repo": "nixpkgs",
        "type": "github"
      }
    },
    "nixpkgs_2": {
      "locked": {
        "lastModified": 1696390623,
        "narHash": "sha256-tNbF8TKwvnSfgVCD5VNKX4ETyDskbuBSKLjOcp9ejVM=",
        "owner": "NixOs",
        "repo": "nixpkgs",
        "rev": "37601de942a3abf5c8b501b829295bfb1c4a184c",
        "type": "github"
      },
      "original": {
        "owner": "NixOs",
        "repo": "nixpkgs",
        "type": "github"
      }
    },
    "root": {
      "inputs": {
        "home-manager": "home-manager",
        "nixpkgs": "nixpkgs_2"
      }
    }
  },
  "root": "root",
  "version": 7
}
